Microsoft Visual Studio Solution File, Format Version 12.00
# Visual Studio Version 17
VisualStudioVersion = 17.5.2.0
MinimumVisualStudioVersion = 10.0.40219.1
Project("{2150E333-8FDC-42A3-9474-1A3956D46DE8}") = "GalleryApp", "GalleryApp", "{55DABB55-39CB-03A3-B780-4029AE0DE6AF}"
EndProject
Project("{2150E333-8FDC-42A3-9474-1A3956D46DE8}") = "backend", "backend", "{34093998-BB02-A403-9BFC-235B105F55FF}"
EndProject
Project("{FAE04EC0-301F-11D3-BF4B-00C04F79EFBC}") = "GalleryApp.Api", "GalleryApp\backend\GalleryApp.Api.csproj", "{734D5E88-F179-0609-19A6-35398429CF38}"
EndProject
Global
	GlobalSection(SolutionConfigurationPlatforms) = preSolution
		Debug|Any CPU = Debug|Any CPU
		Release|Any CPU = Release|Any CPU
	EndGlobalSection
	GlobalSection(ProjectConfigurationPlatforms) = postSolution
		{734D5E88-F179-0609-19A6-35398429CF38}.Debug|Any CPU.ActiveCfg = Debug|Any CPU
		{734D5E88-F179-0609-19A6-35398429CF38}.Debug|Any CPU.Build.0 = Debug|Any CPU
		{734D5E88-F179-0609-19A6-35398429CF38}.Release|Any CPU.ActiveCfg = Release|Any CPU
		{734D5E88-F179-0609-19A6-35398429CF38}.Release|Any CPU.Build.0 = Release|Any CPU
	EndGlobalSection
	GlobalSection(SolutionProperties) = preSolution
		HideSolutionNode = FALSE
	EndGlobalSection
	GlobalSection(NestedProjects) = preSolution
		{34093998-BB02-A403-9BFC-235B105F55FF} = {55DABB55-39CB-03A3-B780-4029AE0DE6AF}
		{734D5E88-F179-0609-19A6-35398429CF38} = {34093998-BB02-A403-9BFC-235B105F55FF}
	EndGlobalSection
	GlobalSection(ExtensibilityGlobals) = postSolution
		SolutionGuid = {D0A7E3E6-C2B6-4036-A78B-9115868F163D}
	EndGlobalSection
EndGlobal
